{
  "version": 4,
  "terraform_version": "1.6.3",
  "serial": 13,
  "lineage": "a9316045-d5ca-56cf-30fd-ea1aafcfbde8",
  "outputs": {},
  "resources": [
    {
      "mode": "managed",
      "type": "azurerm_resource_group",
      "name": "finops-rg",
      "provider": "provider[\"registry.terraform.io/hashicorp/azurerm\"]",
      "instances": [
        {
          "schema_version": 0,
          "attributes": {
            "id": "/subscriptions/a4a618df-464b-4b87-acbe-ccb077930906/resourceGroups/finops-rg",
            "location": "canadaeast",
            "managed_by": "",
            "name": "finops-rg",
            "tags": null,
            "timeouts": null
          },
          "sensitive_attributes": [],
          "private": "eyJlMmJmYjczMC1lY2FhLTExZTYtOGY4OC0zNDM2M2JjN2M0YzAiOnsiY3JlYXRlIjo1NDAwMDAwMDAwMDAwLCJkZWxldGUiOjU0MDAwMDAwMDAwMDAsInJlYWQiOjMwMDAwMDAwMDAwMCwidXBkYXRlIjo1NDAwMDAwMDAwMDAwfX0="
        }
      ]
    },
    {
      "mode": "managed",
      "type": "azurerm_storage_account",
      "name": "finops-sa",
      "provider": "provider[\"registry.terraform.io/hashicorp/azurerm\"]",
      "instances": [
        {
          "schema_version": 4,
          "attributes": {
            "access_tier": "Hot",
            "account_kind": "StorageV2",
            "account_replication_type": "LRS",
            "account_tier": "Standard",
            "allow_nested_items_to_be_public": true,
            "allowed_copy_scope": "",
            "azure_files_authentication": [],
            "blob_properties": [
              {
                "change_feed_enabled": false,
                "change_feed_retention_in_days": 0,
                "container_delete_retention_policy": [],
                "cors_rule": [],
                "default_service_version": "",
                "delete_retention_policy": [],
                "last_access_time_enabled": false,
                "restore_policy": [],
                "versioning_enabled": false
              }
            ],
            "cross_tenant_replication_enabled": true,
            "custom_domain": [],
            "customer_managed_key": [],
            "default_to_oauth_authentication": false,
            "edge_zone": "",
            "enable_https_traffic_only": true,
            "id": "/subscriptions/a4a618df-464b-4b87-acbe-ccb077930906/resourceGroups/finops-rg/providers/Microsoft.Storage/storageAccounts/finopsstorageaccount2003",
            "identity": [],
            "immutability_policy": [],
            "infrastructure_encryption_enabled": false,
            "is_hns_enabled": false,
            "large_file_share_enabled": null,
            "location": "canadaeast",
            "min_tls_version": "TLS1_2",
            "name": "finopsstorageaccount2003",
            "network_rules": [
              {
                "bypass": [
                  "AzureServices"
                ],
                "default_action": "Allow",
                "ip_rules": [],
                "private_link_access": [],
                "virtual_network_subnet_ids": []
              }
            ],
            "nfsv3_enabled": false,
            "primary_access_key": "MDPnx/y+PPsv63rnYL1kiepAtc/w196OIwu1dZHrCqBI1Kjz562Ja/iUDqdk9a2zExLWaKJGKLMn+AStEaNtfg==",
            "primary_blob_connection_string": "DefaultEndpointsProtocol=https;BlobEndpoint=https://finopsstorageaccount2003.blob.core.windows.net/;AccountName=finopsstorageaccount2003;AccountKey=MDPnx/y+PPsv63rnYL1kiepAtc/w196OIwu1dZHrCqBI1Kjz562Ja/iUDqdk9a2zExLWaKJGKLMn+AStEaNtfg==",
            "primary_blob_endpoint": "https://finopsstorageaccount2003.blob.core.windows.net/",
            "primary_blob_host": "finopsstorageaccount2003.blob.core.windows.net",
            "primary_connection_string": "DefaultEndpointsProtocol=https;AccountName=finopsstorageaccount2003;AccountKey=MDPnx/y+PPsv63rnYL1kiepAtc/w196OIwu1dZHrCqBI1Kjz562Ja/iUDqdk9a2zExLWaKJGKLMn+AStEaNtfg==;EndpointSuffix=core.windows.net",
            "primary_dfs_endpoint": "https://finopsstorageaccount2003.dfs.core.windows.net/",
            "primary_dfs_host": "finopsstorageaccount2003.dfs.core.windows.net",
            "primary_file_endpoint": "https://finopsstorageaccount2003.file.core.windows.net/",
            "primary_file_host": "finopsstorageaccount2003.file.core.windows.net",
            "primary_location": "canadaeast",
            "primary_queue_endpoint": "https://finopsstorageaccount2003.queue.core.windows.net/",
            "primary_queue_host": "finopsstorageaccount2003.queue.core.windows.net",
            "primary_table_endpoint": "https://finopsstorageaccount2003.table.core.windows.net/",
            "primary_table_host": "finopsstorageaccount2003.table.core.windows.net",
            "primary_web_endpoint": "https://finopsstorageaccount2003.z27.web.core.windows.net/",
            "primary_web_host": "finopsstorageaccount2003.z27.web.core.windows.net",
            "public_network_access_enabled": true,
            "queue_encryption_key_type": "Service",
            "queue_properties": [
              {
                "cors_rule": [],
                "hour_metrics": [
                  {
                    "enabled": true,
                    "include_apis": true,
                    "retention_policy_days": 7,
                    "version": "1.0"
                  }
                ],
                "logging": [
                  {
                    "delete": false,
                    "read": false,
                    "retention_policy_days": 0,
                    "version": "1.0",
                    "write": false
                  }
                ],
                "minute_metrics": [
                  {
                    "enabled": false,
                    "include_apis": false,
                    "retention_policy_days": 0,
                    "version": "1.0"
                  }
                ]
              }
            ],
            "resource_group_name": "finops-rg",
            "routing": [],
            "sas_policy": [],
            "secondary_access_key": "50vZXKlTZSqb0oD91pFNUwgk63rsURcOUYWIxXmBi2lrpk5w+EKYD3dxMJxpxs+9h2Sl+kJNgeg2+ASt/4tqug==",
            "secondary_blob_connection_string": "",
            "secondary_blob_endpoint": null,
            "secondary_blob_host": null,
            "secondary_connection_string": "DefaultEndpointsProtocol=https;AccountName=finopsstorageaccount2003;AccountKey=50vZXKlTZSqb0oD91pFNUwgk63rsURcOUYWIxXmBi2lrpk5w+EKYD3dxMJxpxs+9h2Sl+kJNgeg2+ASt/4tqug==;EndpointSuffix=core.windows.net",
            "secondary_dfs_endpoint": null,
            "secondary_dfs_host": null,
            "secondary_file_endpoint": null,
            "secondary_file_host": null,
            "secondary_location": "",
            "secondary_queue_endpoint": null,
            "secondary_queue_host": null,
            "secondary_table_endpoint": null,
            "secondary_table_host": null,
            "secondary_web_endpoint": null,
            "secondary_web_host": null,
            "sftp_enabled": false,
            "share_properties": [
              {
                "cors_rule": [],
                "retention_policy": [
                  {
                    "days": 7
                  }
                ],
                "smb": []
              }
            ],
            "shared_access_key_enabled": true,
            "static_website": [],
            "table_encryption_key_type": "Service",
            "tags": null,
            "timeouts": null
          },
          "sensitive_attributes": [],
          "private": "eyJlMmJmYjczMC1lY2FhLTExZTYtOGY4OC0zNDM2M2JjN2M0YzAiOnsiY3JlYXRlIjozNjAwMDAwMDAwMDAwLCJkZWxldGUiOjM2MDAwMDAwMDAwMDAsInJlYWQiOjMwMDAwMDAwMDAwMCwidXBkYXRlIjozNjAwMDAwMDAwMDAwfSwic2NoZW1hX3ZlcnNpb24iOiI0In0=",
          "dependencies": [
            "azurerm_resource_group.finops-rg"
          ]
        }
      ]
    },
    {
      "mode": "managed",
      "type": "azurerm_storage_container",
      "name": "finops-sc",
      "provider": "provider[\"registry.terraform.io/hashicorp/azurerm\"]",
      "instances": [
        {
          "schema_version": 1,
          "attributes": {
            "container_access_type": "private",
            "has_immutability_policy": false,
            "has_legal_hold": false,
            "id": "https://finopsstorageaccount2003.blob.core.windows.net/finopscontainer",
            "metadata": {},
            "name": "finopscontainer",
            "resource_manager_id": "/subscriptions/a4a618df-464b-4b87-acbe-ccb077930906/resourceGroups/finops-rg/providers/Microsoft.Storage/storageAccounts/finopsstorageaccount2003/blobServices/default/containers/finopscontainer",
            "storage_account_name": "finopsstorageaccount2003",
            "timeouts": null
          },
          "sensitive_attributes": [],
          "private": "eyJlMmJmYjczMC1lY2FhLTExZTYtOGY4OC0zNDM2M2JjN2M0YzAiOnsiY3JlYXRlIjoxODAwMDAwMDAwMDAwLCJkZWxldGUiOjE4MDAwMDAwMDAwMDAsInJlYWQiOjMwMDAwMDAwMDAwMCwidXBkYXRlIjoxODAwMDAwMDAwMDAwfSwic2NoZW1hX3ZlcnNpb24iOiIxIn0=",
          "dependencies": [
            "azurerm_resource_group.finops-rg",
            "azurerm_storage_account.finops-sa"
          ]
        }
      ]
    }
  ],
  "check_results": null
}
